
Microsoft Visual Studio Solution File, Format Version 12.00
# Visual Studio Version 17
VisualStudioVersion = 17.7.34003.232
MinimumVisualStudioVersion = 10.0.40219.1
Project("{9A19103F-16F7-4668-BE54-9A1E7A4F7556}") = "TimeClock", "WebApplication1\TimeClock.csproj", "{35490C27-2551-4C2D-9A53-0540CEF3DBB4}"
EndProject
Project("{FAE04EC0-301F-11D3-BF4B-00C04F79EFBC}") = "UnitTests", "UnitTests\UnitTests.csproj", "{3CCC1A9A-AC10-4777-A2C1-A6A24FBF8591}"
EndProject
Global
	GlobalSection(SolutionConfigurationPlatforms) = preSolution
		Debug|Any CPU = Debug|Any CPU
		Release|Any CPU = Release|Any CPU
	EndGlobalSection
	GlobalSection(ProjectConfigurationPlatforms) = postSolution
		{35490C27-2551-4C2D-9A53-0540CEF3DBB4}.Debug|Any CPU.ActiveCfg = Debug|Any CPU
		{35490C27-2551-4C2D-9A53-0540CEF3DBB4}.Debug|Any CPU.Build.0 = Debug|Any CPU
		{35490C27-2551-4C2D-9A53-0540CEF3DBB4}.Release|Any CPU.ActiveCfg = Release|Any CPU
		{35490C27-2551-4C2D-9A53-0540CEF3DBB4}.Release|Any CPU.Build.0 = Release|Any CPU
		{3CCC1A9A-AC10-4777-A2C1-A6A24FBF8591}.Debug|Any CPU.ActiveCfg = Debug|Any CPU
		{3CCC1A9A-AC10-4777-A2C1-A6A24FBF8591}.Debug|Any CPU.Build.0 = Debug|Any CPU
		{3CCC1A9A-AC10-4777-A2C1-A6A24FBF8591}.Release|Any CPU.ActiveCfg = Release|Any CPU
		{3CCC1A9A-AC10-4777-A2C1-A6A24FBF8591}.Release|Any CPU.Build.0 = Release|Any CPU
	EndGlobalSection
	GlobalSection(SolutionProperties) = preSolution
		HideSolutionNode = FALSE
	EndGlobalSection
	GlobalSection(ExtensibilityGlobals) = postSolution
		SolutionGuid = {728086BF-6EE0-48B1-8D40-3677A3AB6545}
	EndGlobalSection
EndGlobal
